
Microsoft Visual Studio Solution File, Format Version 12.00
# Visual Studio Version 17
VisualStudioVersion = 17.10.35122.118
MinimumVisualStudioVersion = 10.0.40219.1
Project("{FAE04EC0-301F-11D3-BF4B-00C04F79EFBC}") = "VideoStore24razor", "VideoStore24razor\VideoStore24razor.csproj", "{698BE32C-F514-41CC-A8C5-DCB8C8067D72}"
EndProject
Global
	GlobalSection(SolutionConfigurationPlatforms) = preSolution
		Debug|Any CPU = Debug|Any CPU
		Release|Any CPU = Release|Any CPU
	EndGlobalSection
	GlobalSection(ProjectConfigurationPlatforms) = postSolution
		{698BE32C-F514-41CC-A8C5-DCB8C8067D72}.Debug|Any CPU.ActiveCfg = Debug|Any CPU
		{698BE32C-F514-41CC-A8C5-DCB8C8067D72}.Debug|Any CPU.Build.0 = Debug|Any CPU
		{698BE32C-F514-41CC-A8C5-DCB8C8067D72}.Release|Any CPU.ActiveCfg = Release|Any CPU
		{698BE32C-F514-41CC-A8C5-DCB8C8067D72}.Release|Any CPU.Build.0 = Release|Any CPU
	EndGlobalSection
	GlobalSection(SolutionProperties) = preSolution
		HideSolutionNode = FALSE
	EndGlobalSection
	GlobalSection(ExtensibilityGlobals) = postSolution
		SolutionGuid = {69EB4D4D-4AA5-4714-8E9D-075ECABADFB3}
	EndGlobalSection
EndGlobal
